# @generated - this file is auto-generated by `mise lock` https://mise.jdx.dev/dev-tools/mise-lock.html

[[tools.1password]]
version = "2.33.0"
backend = "asdf:1password"

[[tools.age]]
version = "1.3.1"
backend = "aqua:FiloSottile/age"

[tools.age."platforms.linux-arm64"]
checksum = "sha256:c6878a324421b69e3e20b00ba17c04bc5c6dab0030cfe55bf8f68fa8d9e9093a"
url = "https://github.com/FiloSottile/age/releases/download/v1.3.1/age-v1.3.1-linux-arm64.tar.gz"
url_api = "https://api.github.com/repos/FiloSottile/age/releases/assets/333752668"
provenance = "github-attestations"

[tools.age."platforms.linux-arm64-musl"]
checksum = "sha256:c6878a324421b69e3e20b00ba17c04bc5c6dab0030cfe55bf8f68fa8d9e9093a"
url = "https://github.com/FiloSottile/age/releases/download/v1.3.1/age-v1.3.1-linux-arm64.tar.gz"
url_api = "https://api.github.com/repos/FiloSottile/age/releases/assets/333752668"
provenance = "github-attestations"

[tools.age."platforms.linux-x64"]
checksum = "sha256:bdc69c09cbdd6cf8b1f333d372a1f58247b3a33146406333e30c0f26e8f51377"
url = "https://github.com/FiloSottile/age/releases/download/v1.3.1/age-v1.3.1-linux-amd64.tar.gz"
url_api = "https://api.github.com/repos/FiloSottile/age/releases/assets/333752671"
provenance = "github-attestations"

[tools.age."platforms.linux-x64-musl"]
checksum = "sha256:bdc69c09cbdd6cf8b1f333d372a1f58247b3a33146406333e30c0f26e8f51377"
url = "https://github.com/FiloSottile/age/releases/download/v1.3.1/age-v1.3.1-linux-amd64.tar.gz"
url_api = "https://api.github.com/repos/FiloSottile/age/releases/assets/333752671"
provenance = "github-attestations"

[tools.age."platforms.macos-arm64"]
checksum = "sha256:01120ea2cbf0463d4c6bd767f99f3271bbed1cdc8a9aa718a76ba1fe4f01998b"
url = "https://github.com/FiloSottile/age/releases/download/v1.3.1/age-v1.3.1-darwin-arm64.tar.gz"
url_api = "https://api.github.com/repos/FiloSottile/age/releases/assets/333752669"
provenance = "github-attestations"

[tools.age."platforms.macos-x64"]
checksum = "sha256:2b233301ad21ab7b1eabd9ae1198a164005fa4928fcdd745d47c39f8593209d7"
url = "https://github.com/FiloSottile/age/releases/download/v1.3.1/age-v1.3.1-darwin-amd64.tar.gz"
url_api = "https://api.github.com/repos/FiloSottile/age/releases/assets/343881260"
provenance = "github-attestations"

[tools.age."platforms.windows-x64"]
checksum = "sha256:c56e8ce22f7e80cb85ad946cc82d198767b056366201d3e1a2b93d865be38154"
url = "https://github.com/FiloSottile/age/releases/download/v1.3.1/age-v1.3.1-windows-amd64.zip"
url_api = "https://api.github.com/repos/FiloSottile/age/releases/assets/333752673"
provenance = "github-attestations"

[[tools.flux2]]
version = "2.8.3"
backend = "aqua:fluxcd/flux2"

[tools.flux2."platforms.linux-arm64"]
checksum = "sha256:8f02cd3c2f058434b40cb264d4f3d961a3d5bc7c4985cc4544946f9b8224632b"
url = "https://github.com/fluxcd/flux2/releases/download/v2.8.3/flux_2.8.3_linux_arm64.tar.gz"
url_api = "https://api.github.com/repos/fluxcd/flux2/releases/assets/375001594"

[tools.flux2."platforms.linux-arm64".provenance.slsa]
url = "https://github.com/fluxcd/flux2/releases/download/v2.8.3/provenance.intoto.jsonl"

[tools.flux2."platforms.linux-arm64-musl"]
checksum = "sha256:8f02cd3c2f058434b40cb264d4f3d961a3d5bc7c4985cc4544946f9b8224632b"
url = "https://github.com/fluxcd/flux2/releases/download/v2.8.3/flux_2.8.3_linux_arm64.tar.gz"
url_api = "https://api.github.com/repos/fluxcd/flux2/releases/assets/375001594"

[tools.flux2."platforms.linux-arm64-musl".provenance.slsa]
url = "https://github.com/fluxcd/flux2/releases/download/v2.8.3/provenance.intoto.jsonl"

[tools.flux2."platforms.linux-x64"]
checksum = "sha256:e8b3f87ae73f37656af087cec1bd82ce9034860c2a5d427042d2ee9135fcc8bc"
url = "https://github.com/fluxcd/flux2/releases/download/v2.8.3/flux_2.8.3_linux_amd64.tar.gz"
url_api = "https://api.github.com/repos/fluxcd/flux2/releases/assets/375001601"

[tools.flux2."platforms.linux-x64".provenance.slsa]
url = "https://github.com/fluxcd/flux2/releases/download/v2.8.3/provenance.intoto.jsonl"

[tools.flux2."platforms.linux-x64-musl"]
checksum = "sha256:e8b3f87ae73f37656af087cec1bd82ce9034860c2a5d427042d2ee9135fcc8bc"
url = "https://github.com/fluxcd/flux2/releases/download/v2.8.3/flux_2.8.3_linux_amd64.tar.gz"
url_api = "https://api.github.com/repos/fluxcd/flux2/releases/assets/375001601"

[tools.flux2."platforms.linux-x64-musl".provenance.slsa]
url = "https://github.com/fluxcd/flux2/releases/download/v2.8.3/provenance.intoto.jsonl"

[tools.flux2."platforms.macos-arm64"]
checksum = "sha256:71c307573f79e63a21ef9f1f6b9ede3c2017ac5f17a771346154554cc0e4163a"
url = "https://github.com/fluxcd/flux2/releases/download/v2.8.3/flux_2.8.3_darwin_arm64.tar.gz"
url_api = "https://api.github.com/repos/fluxcd/flux2/releases/assets/375001593"

[tools.flux2."platforms.macos-arm64".provenance.slsa]
url = "https://github.com/fluxcd/flux2/releases/download/v2.8.3/provenance.intoto.jsonl"

[tools.flux2."platforms.macos-x64"]
checksum = "sha256:24f965c8001a2cd6ddbbe5615aa5d88adfdf5e685772a707610b95d70b93fe50"
url = "https://github.com/fluxcd/flux2/releases/download/v2.8.3/flux_2.8.3_darwin_amd64.tar.gz"
url_api = "https://api.github.com/repos/fluxcd/flux2/releases/assets/375001599"

[tools.flux2."platforms.macos-x64".provenance.slsa]
url = "https://github.com/fluxcd/flux2/releases/download/v2.8.3/provenance.intoto.jsonl"

[tools.flux2."platforms.windows-x64"]
checksum = "sha256:9da35bc51e00ed95fbc516aebc9d149f24aa549a55bafe9f7f9fa9b5a61514d2"
url = "https://github.com/fluxcd/flux2/releases/download/v2.8.3/flux_2.8.3_windows_amd64.zip"
url_api = "https://api.github.com/repos/fluxcd/flux2/releases/assets/375001592"

[tools.flux2."platforms.windows-x64".provenance.slsa]
url = "https://github.com/fluxcd/flux2/releases/download/v2.8.3/provenance.intoto.jsonl"

[[tools.github-cli]]
version = "2.83.2"
backend = "aqua:cli/cli"

[tools.github-cli."platforms.linux-arm64"]
checksum = "sha256:b1a0c0a0fcf18524e36996caddc92a062355ed014defc836203fe20fba75a38e"
url = "https://github.com/cli/cli/releases/download/v2.83.2/gh_2.83.2_linux_arm64.tar.gz"
url_api = "https://api.github.com/repos/cli/cli/releases/assets/326964820"
provenance = "github-attestations"

[tools.github-cli."platforms.linux-arm64-musl"]
checksum = "sha256:b1a0c0a0fcf18524e36996caddc92a062355ed014defc836203fe20fba75a38e"
url = "https://github.com/cli/cli/releases/download/v2.83.2/gh_2.83.2_linux_arm64.tar.gz"
url_api = "https://api.github.com/repos/cli/cli/releases/assets/326964820"
provenance = "github-attestations"

[tools.github-cli."platforms.linux-x64"]
checksum = "sha256:ca6e7641214fbd0e21429cec4b64a7ba626fd946d8f9d6d191467545b092015e"
url = "https://github.com/cli/cli/releases/download/v2.83.2/gh_2.83.2_linux_amd64.tar.gz"
url_api = "https://api.github.com/repos/cli/cli/releases/assets/326964816"
provenance = "github-attestations"

[tools.github-cli."platforms.linux-x64-musl"]
checksum = "sha256:ca6e7641214fbd0e21429cec4b64a7ba626fd946d8f9d6d191467545b092015e"
url = "https://github.com/cli/cli/releases/download/v2.83.2/gh_2.83.2_linux_amd64.tar.gz"
url_api = "https://api.github.com/repos/cli/cli/releases/assets/326964816"
provenance = "github-attestations"

[tools.github-cli."platforms.macos-arm64"]
checksum = "sha256:ba3e0396ebbc8da17256144ddda503e4e79c8b502166335569f8390d6b75fa8d"
url = "https://github.com/cli/cli/releases/download/v2.83.2/gh_2.83.2_macOS_arm64.zip"
url_api = "https://api.github.com/repos/cli/cli/releases/assets/326964831"
provenance = "github-attestations"

[tools.github-cli."platforms.macos-x64"]
checksum = "sha256:6f1712519ccc768946791dc97da407bf188582345b73fef3d604d050ebf6f614"
url = "https://github.com/cli/cli/releases/download/v2.83.2/gh_2.83.2_macOS_amd64.zip"
url_api = "https://api.github.com/repos/cli/cli/releases/assets/326964829"
provenance = "github-attestations"

[tools.github-cli."platforms.windows-x64"]
checksum = "sha256:b95bf2d953e3bf497bb2c0aed97ffcc5ed8471b80f0920d663a92a6111f05135"
url = "https://github.com/cli/cli/releases/download/v2.83.2/gh_2.83.2_windows_amd64.zip"
url_api = "https://api.github.com/repos/cli/cli/releases/assets/326964837"
provenance = "github-attestations"

[[tools.gum]]
version = "0.17.0"
backend = "aqua:charmbracelet/gum"

[tools.gum."platforms.linux-arm64"]
checksum = "sha256:b0b9ed95cbf7c8b7073f17b9591811f5c001e33c7cfd066ca83ce8a07c576f9c"
url = "https://github.com/charmbracelet/gum/releases/download/v0.17.0/gum_0.17.0_Linux_arm64.tar.gz"
url_api = "https://api.github.com/repos/charmbracelet/gum/releases/assets/290080957"

[tools.gum."platforms.linux-arm64-musl"]
checksum = "sha256:b0b9ed95cbf7c8b7073f17b9591811f5c001e33c7cfd066ca83ce8a07c576f9c"
url = "https://github.com/charmbracelet/gum/releases/download/v0.17.0/gum_0.17.0_Linux_arm64.tar.gz"
url_api = "https://api.github.com/repos/charmbracelet/gum/releases/assets/290080957"

[tools.gum."platforms.linux-x64"]
checksum = "sha256:69ee169bd6387331928864e94d47ed01ef649fbfe875baed1bbf27b5377a6fdb"
url = "https://github.com/charmbracelet/gum/releases/download/v0.17.0/gum_0.17.0_Linux_x86_64.tar.gz"
url_api = "https://api.github.com/repos/charmbracelet/gum/releases/assets/290080949"

[tools.gum."platforms.linux-x64-musl"]
checksum = "sha256:69ee169bd6387331928864e94d47ed01ef649fbfe875baed1bbf27b5377a6fdb"
url = "https://github.com/charmbracelet/gum/releases/download/v0.17.0/gum_0.17.0_Linux_x86_64.tar.gz"
url_api = "https://api.github.com/repos/charmbracelet/gum/releases/assets/290080949"

[tools.gum."platforms.macos-arm64"]
checksum = "sha256:e2a4b8596efa05821d8c58d0c1afbcd7ad1699ba69c689cc3ff23a4a99c8b237"
url = "https://github.com/charmbracelet/gum/releases/download/v0.17.0/gum_0.17.0_Darwin_arm64.tar.gz"
url_api = "https://api.github.com/repos/charmbracelet/gum/releases/assets/290080948"

[tools.gum."platforms.macos-x64"]
checksum = "sha256:cd66576aeebe6cd19c771863c7e8d696e0e1d5387d1e7075666baa67c2052e53"
url = "https://github.com/charmbracelet/gum/releases/download/v0.17.0/gum_0.17.0_Darwin_x86_64.tar.gz"
url_api = "https://api.github.com/repos/charmbracelet/gum/releases/assets/290080970"

[tools.gum."platforms.windows-x64"]
checksum = "sha256:b2be80531c6babc8d4e0e6ca95773d58118a2e1582ae006aace08dbc55503072"
url = "https://github.com/charmbracelet/gum/releases/download/v0.17.0/gum_0.17.0_Windows_x86_64.zip"
url_api = "https://api.github.com/repos/charmbracelet/gum/releases/assets/290080922"

[[tools.helmfile]]
version = "1.4.2"
backend = "aqua:helmfile/helmfile"

[tools.helmfile."platforms.linux-arm64"]
checksum = "sha256:5aa3c417cf192803797e2921d6d87fb323cd99ef85b4db5ea1598bca093d43a6"
url = "https://github.com/helmfile/helmfile/releases/download/v1.4.2/helmfile_1.4.2_linux_arm64.tar.gz"
url_api = "https://api.github.com/repos/helmfile/helmfile/releases/assets/374305425"

[tools.helmfile."platforms.linux-arm64-musl"]
checksum = "sha256:5aa3c417cf192803797e2921d6d87fb323cd99ef85b4db5ea1598bca093d43a6"
url = "https://github.com/helmfile/helmfile/releases/download/v1.4.2/helmfile_1.4.2_linux_arm64.tar.gz"
url_api = "https://api.github.com/repos/helmfile/helmfile/releases/assets/374305425"

[tools.helmfile."platforms.linux-x64"]
checksum = "sha256:e42c4f2ccbb3e5799bbe93a4d6de7c38e86d095713705b68a56fbd3d240f5730"
url = "https://github.com/helmfile/helmfile/releases/download/v1.4.2/helmfile_1.4.2_linux_amd64.tar.gz"
url_api = "https://api.github.com/repos/helmfile/helmfile/releases/assets/374305444"

[tools.helmfile."platforms.linux-x64-musl"]
checksum = "sha256:e42c4f2ccbb3e5799bbe93a4d6de7c38e86d095713705b68a56fbd3d240f5730"
url = "https://github.com/helmfile/helmfile/releases/download/v1.4.2/helmfile_1.4.2_linux_amd64.tar.gz"
url_api = "https://api.github.com/repos/helmfile/helmfile/releases/assets/374305444"

[tools.helmfile."platforms.macos-arm64"]
checksum = "sha256:80da4341c4d645d9b7c77b3dc55ead91c9611798e6a7930052b9d5243bee8965"
url = "https://github.com/helmfile/helmfile/releases/download/v1.4.2/helmfile_1.4.2_darwin_arm64.tar.gz"
url_api = "https://api.github.com/repos/helmfile/helmfile/releases/assets/374305422"

[tools.helmfile."platforms.macos-x64"]
checksum = "sha256:f6bea56278a7f578cac2d1cf65b8f55d9a11d57eeb9d75749f4b523ed935c136"
url = "https://github.com/helmfile/helmfile/releases/download/v1.4.2/helmfile_1.4.2_darwin_amd64.tar.gz"
url_api = "https://api.github.com/repos/helmfile/helmfile/releases/assets/374305445"

[tools.helmfile."platforms.windows-x64"]
checksum = "sha256:ad82a153eee6458fc6860dd93cc3abaee3d0afc00077b2f3dc3b612bd48bc76e"
url = "https://github.com/helmfile/helmfile/releases/download/v1.4.2/helmfile_1.4.2_windows_amd64.tar.gz"
url_api = "https://api.github.com/repos/helmfile/helmfile/releases/assets/374305423"

[[tools.jq]]
version = "1.8.1"
backend = "aqua:jqlang/jq"

[tools.jq."platforms.linux-arm64"]
checksum = "sha256:6bc62f25981328edd3cfcfe6fe51b073f2d7e7710d7ef7fcdac28d4e384fc3d4"
url = "https://github.com/jqlang/jq/releases/download/jq-1.8.1/jq-linux-arm64"
url_api = "https://api.github.com/repos/jqlang/jq/releases/assets/268981481"
provenance = "github-attestations"

[tools.jq."platforms.linux-arm64-musl"]
checksum = "sha256:6bc62f25981328edd3cfcfe6fe51b073f2d7e7710d7ef7fcdac28d4e384fc3d4"
url = "https://github.com/jqlang/jq/releases/download/jq-1.8.1/jq-linux-arm64"
url_api = "https://api.github.com/repos/jqlang/jq/releases/assets/268981481"
provenance = "github-attestations"

[tools.jq."platforms.linux-x64"]
checksum = "sha256:020468de7539ce70ef1bceaf7cde2e8c4f2ca6c3afb84642aabc5c97d9fc2a0d"
url = "https://github.com/jqlang/jq/releases/download/jq-1.8.1/jq-linux-amd64"
url_api = "https://api.github.com/repos/jqlang/jq/releases/assets/268981484"
provenance = "github-attestations"

[tools.jq."platforms.linux-x64-musl"]
checksum = "sha256:020468de7539ce70ef1bceaf7cde2e8c4f2ca6c3afb84642aabc5c97d9fc2a0d"
url = "https://github.com/jqlang/jq/releases/download/jq-1.8.1/jq-linux-amd64"
url_api = "https://api.github.com/repos/jqlang/jq/releases/assets/268981484"
provenance = "github-attestations"

[tools.jq."platforms.macos-arm64"]
checksum = "sha256:a9fe3ea2f86dfc72f6728417521ec9067b343277152b114f4e98d8cb0e263603"
url = "https://github.com/jqlang/jq/releases/download/jq-1.8.1/jq-macos-arm64"
url_api = "https://api.github.com/repos/jqlang/jq/releases/assets/268981506"
provenance = "github-attestations"

[tools.jq."platforms.macos-x64"]
checksum = "sha256:e80dbe0d2a2597e3c11c404f03337b981d74b4a8504b70586c354b7697a7c27f"
url = "https://github.com/jqlang/jq/releases/download/jq-1.8.1/jq-macos-amd64"
url_api = "https://api.github.com/repos/jqlang/jq/releases/assets/268981505"
provenance = "github-attestations"

[tools.jq."platforms.windows-x64"]
checksum = "sha256:23cb60a1354eed6bcc8d9b9735e8c7b388cd1fdcb75726b93bc299ef22dd9334"
url = "https://github.com/jqlang/jq/releases/download/jq-1.8.1/jq-windows-amd64.exe"
url_api = "https://api.github.com/repos/jqlang/jq/releases/assets/268981509"
provenance = "github-attestations"

[[tools.just]]
version = "1.53.0"
backend = "aqua:casey/just"

[tools.just."platforms.linux-arm64"]
checksum = "sha256:f29d8e72380bc144465f632c7d59da311205eef2923d57511708b05b82f2e64f"
url = "https://github.com/casey/just/releases/download/1.53.0/just-1.53.0-aarch64-unknown-linux-musl.tar.gz"
url_api = "https://api.github.com/repos/casey/just/releases/assets/449563161"

[tools.just."platforms.linux-arm64-musl"]
checksum = "sha256:f29d8e72380bc144465f632c7d59da311205eef2923d57511708b05b82f2e64f"
url = "https://github.com/casey/just/releases/download/1.53.0/just-1.53.0-aarch64-unknown-linux-musl.tar.gz"
url_api = "https://api.github.com/repos/casey/just/releases/assets/449563161"

[tools.just."platforms.linux-x64"]
checksum = "sha256:7fedeb22c7e14d9ef1551e8b793700866d80f409f9884b0e80ebb65c11d4874d"
url = "https://github.com/casey/just/releases/download/1.53.0/just-1.53.0-x86_64-unknown-linux-musl.tar.gz"
url_api = "https://api.github.com/repos/casey/just/releases/assets/449562852"

[tools.just."platforms.linux-x64-musl"]
checksum = "sha256:7fedeb22c7e14d9ef1551e8b793700866d80f409f9884b0e80ebb65c11d4874d"
url = "https://github.com/casey/just/releases/download/1.53.0/just-1.53.0-x86_64-unknown-linux-musl.tar.gz"
url_api = "https://api.github.com/repos/casey/just/releases/assets/449562852"

[tools.just."platforms.macos-arm64"]
checksum = "sha256:27f1361f2e4fb5d733837f1a9f80f85c237e5a36c75ee14961e59141713aa4ed"
url = "https://github.com/casey/just/releases/download/1.53.0/just-1.53.0-aarch64-apple-darwin.tar.gz"
url_api = "https://api.github.com/repos/casey/just/releases/assets/449562761"

[tools.just."platforms.macos-x64"]
checksum = "sha256:bc345a26d40ae4697cb6b2f2ca04cdf1fbdc8c50eba1b40684c8bf3f98555d72"
url = "https://github.com/casey/just/releases/download/1.53.0/just-1.53.0-x86_64-apple-darwin.tar.gz"
url_api = "https://api.github.com/repos/casey/just/releases/assets/449562706"

[tools.just."platforms.windows-x64"]
checksum = "sha256:02308af0c174d3e0286f6bfc2b020258a3e12cd0c52c1d16fac8ef2c12dea0af"
url = "https://github.com/casey/just/releases/download/1.53.0/just-1.53.0-x86_64-pc-windows-msvc.zip"
url_api = "https://api.github.com/repos/casey/just/releases/assets/449564031"

[[tools.krew]]
version = "0.5.0"
backend = "aqua:kubernetes-sigs/krew"

[tools.krew."platforms.linux-arm64"]
checksum = "sha256:ab7a98b992424e76b6c162f8b67fb76c4b1e243598aa2807bdf226752f964548"
url = "https://github.com/kubernetes-sigs/krew/releases/download/v0.5.0/krew-linux_arm64.tar.gz"
url_api = "https://api.github.com/repos/kubernetes-sigs/krew/releases/assets/362537143"

[tools.krew."platforms.linux-arm64-musl"]
checksum = "sha256:ab7a98b992424e76b6c162f8b67fb76c4b1e243598aa2807bdf226752f964548"
url = "https://github.com/kubernetes-sigs/krew/releases/download/v0.5.0/krew-linux_arm64.tar.gz"
url_api = "https://api.github.com/repos/kubernetes-sigs/krew/releases/assets/362537143"

[tools.krew."platforms.linux-x64"]
checksum = "sha256:5d5a221fffdf331d1c5c68d9917530ecd102e0def5b5a6d62eeed1c404efb28a"
url = "https://github.com/kubernetes-sigs/krew/releases/download/v0.5.0/krew-linux_amd64.tar.gz"
url_api = "https://api.github.com/repos/kubernetes-sigs/krew/releases/assets/362537140"

[tools.krew."platforms.linux-x64-musl"]
checksum = "sha256:5d5a221fffdf331d1c5c68d9917530ecd102e0def5b5a6d62eeed1c404efb28a"
url = "https://github.com/kubernetes-sigs/krew/releases/download/v0.5.0/krew-linux_amd64.tar.gz"
url_api = "https://api.github.com/repos/kubernetes-sigs/krew/releases/assets/362537140"

[tools.krew."platforms.macos-arm64"]
checksum = "sha256:cd6e58b4e954e301abd19001d772846997216d696bcaa58f0bcf04708339ece3"
url = "https://github.com/kubernetes-sigs/krew/releases/download/v0.5.0/krew-darwin_arm64.tar.gz"
url_api = "https://api.github.com/repos/kubernetes-sigs/krew/releases/assets/362537139"

[tools.krew."platforms.macos-x64"]
checksum = "sha256:2d60559126452b57e3df0612f0475a473363f064da35f817290dbbcd877d1ea8"
url = "https://github.com/kubernetes-sigs/krew/releases/download/v0.5.0/krew-darwin_amd64.tar.gz"
url_api = "https://api.github.com/repos/kubernetes-sigs/krew/releases/assets/362537145"

[tools.krew."platforms.windows-x64"]
checksum = "sha256:1fbbb665b61d8a42246818eca47b160f1eab20fe9a3673974d1f28a73bcaddf7"
url = "https://github.com/kubernetes-sigs/krew/releases/download/v0.5.0/krew-windows_amd64.tar.gz"
url_api = "https://api.github.com/repos/kubernetes-sigs/krew/releases/assets/362537138"

[[tools.kubectl]]
version = "1.35.3"
backend = "aqua:kubernetes/kubernetes/kubectl"

[tools.kubectl."platforms.linux-arm64"]
checksum = "sha256:6f0cd088a82dde5d5807122056069e2fac4ed447cc518efc055547ae46525f14"
url = "https://dl.k8s.io/v1.35.3/bin/linux/arm64/kubectl"

[tools.kubectl."platforms.linux-arm64-musl"]
checksum = "sha256:6f0cd088a82dde5d5807122056069e2fac4ed447cc518efc055547ae46525f14"
url = "https://dl.k8s.io/v1.35.3/bin/linux/arm64/kubectl"

[tools.kubectl."platforms.linux-x64"]
checksum = "sha256:fd31c7d7129260e608f6faf92d5984c3267ad0b5ead3bced2fe125686e286ad6"
url = "https://dl.k8s.io/v1.35.3/bin/linux/amd64/kubectl"

[tools.kubectl."platforms.linux-x64-musl"]
checksum = "sha256:fd31c7d7129260e608f6faf92d5984c3267ad0b5ead3bced2fe125686e286ad6"
url = "https://dl.k8s.io/v1.35.3/bin/linux/amd64/kubectl"

[tools.kubectl."platforms.macos-arm64"]
checksum = "sha256:280651239d84bab214ba83403666bf6976a5fa0dbdb41404f26eb6f276d34963"
url = "https://dl.k8s.io/v1.35.3/bin/darwin/arm64/kubectl"

[tools.kubectl."platforms.macos-x64"]
checksum = "sha256:2f339b1eae2e1792ec08da281b37afbeee94f70bed6b7398e7efd81ba08f8d37"
url = "https://dl.k8s.io/v1.35.3/bin/darwin/amd64/kubectl"

[tools.kubectl."platforms.windows-x64"]
checksum = "sha256:6c367f9c34be9a13a94eb523dd62006973e1d051adea7d6bcf800dde3f6e84df"
url = "https://dl.k8s.io/v1.35.3/bin/windows/amd64/kubectl.exe"

[[tools.kustomize]]
version = "5.8.1"
backend = "aqua:kubernetes-sigs/kustomize"

[tools.kustomize."platforms.linux-arm64"]
checksum = "sha256:0953ea3e476f66d6ddfcd911d750f5167b9365aa9491b2326398e289fef2c142"
url = "https://github.com/kubernetes-sigs/kustomize/releases/download/kustomize/v5.8.1/kustomize_v5.8.1_linux_arm64.tar.gz"
url_api = "https://api.github.com/repos/kubernetes-sigs/kustomize/releases/assets/353160971"

[tools.kustomize."platforms.linux-arm64-musl"]
checksum = "sha256:0953ea3e476f66d6ddfcd911d750f5167b9365aa9491b2326398e289fef2c142"
url = "https://github.com/kubernetes-sigs/kustomize/releases/download/kustomize/v5.8.1/kustomize_v5.8.1_linux_arm64.tar.gz"
url_api = "https://api.github.com/repos/kubernetes-sigs/kustomize/releases/assets/353160971"

[tools.kustomize."platforms.linux-x64"]
checksum = "sha256:029a7f0f4e1932c52a0476cf02a0fd855c0bb85694b82c338fc648dcb53a819d"
url = "https://github.com/kubernetes-sigs/kustomize/releases/download/kustomize/v5.8.1/kustomize_v5.8.1_linux_amd64.tar.gz"
url_api = "https://api.github.com/repos/kubernetes-sigs/kustomize/releases/assets/353160972"

[tools.kustomize."platforms.linux-x64-musl"]
checksum = "sha256:029a7f0f4e1932c52a0476cf02a0fd855c0bb85694b82c338fc648dcb53a819d"
url = "https://github.com/kubernetes-sigs/kustomize/releases/download/kustomize/v5.8.1/kustomize_v5.8.1_linux_amd64.tar.gz"
url_api = "https://api.github.com/repos/kubernetes-sigs/kustomize/releases/assets/353160972"

[tools.kustomize."platforms.macos-arm64"]
checksum = "sha256:8886f8a78474e608cc81234f729fda188a9767da23e28925802f00ece2bab288"
url = "https://github.com/kubernetes-sigs/kustomize/releases/download/kustomize/v5.8.1/kustomize_v5.8.1_darwin_arm64.tar.gz"
url_api = "https://api.github.com/repos/kubernetes-sigs/kustomize/releases/assets/353160975"

[tools.kustomize."platforms.macos-x64"]
checksum = "sha256:ee7cf0c1e3592aa7bb66ba82b359933a95e7f2e0b36e5f53ed0a4535b017f2f8"
url = "https://github.com/kubernetes-sigs/kustomize/releases/download/kustomize/v5.8.1/kustomize_v5.8.1_darwin_amd64.tar.gz"
url_api = "https://api.github.com/repos/kubernetes-sigs/kustomize/releases/assets/353160974"

[tools.kustomize."platforms.windows-x64"]
checksum = "sha256:8ec7f5e815e526d4622c06df0a7793d8cfb6eb1c74f816b46166097fef8b26c6"
url = "https://github.com/kubernetes-sigs/kustomize/releases/download/kustomize/v5.8.1/kustomize_v5.8.1_windows_amd64.zip"
url_api = "https://api.github.com/repos/kubernetes-sigs/kustomize/releases/assets/353160980"

[[tools.talos]]
version = "1.13.5"
backend = "aqua:siderolabs/talos"

[tools.talos."platforms.linux-arm64"]
checksum = "sha256:bd053d8264c1b0c091cbaf15e7b414ab1cd14a56ddd5860f2e2ba01e5aee3bc3"
url = "https://github.com/siderolabs/talos/releases/download/v1.13.5/talosctl-linux-arm64"
url_api = "https://api.github.com/repos/siderolabs/talos/releases/assets/454773619"
provenance = "cosign"

[tools.talos."platforms.linux-arm64-musl"]
checksum = "sha256:bd053d8264c1b0c091cbaf15e7b414ab1cd14a56ddd5860f2e2ba01e5aee3bc3"
url = "https://github.com/siderolabs/talos/releases/download/v1.13.5/talosctl-linux-arm64"
url_api = "https://api.github.com/repos/siderolabs/talos/releases/assets/454773619"
provenance = "cosign"

[tools.talos."platforms.linux-x64"]
checksum = "sha256:cb12209727c0c4d57d74c0595f34d441ba491421e1d3c8a5142ed91028a20232"
url = "https://github.com/siderolabs/talos/releases/download/v1.13.5/talosctl-linux-amd64"
url_api = "https://api.github.com/repos/siderolabs/talos/releases/assets/454773627"
provenance = "cosign"

[tools.talos."platforms.linux-x64-musl"]
checksum = "sha256:cb12209727c0c4d57d74c0595f34d441ba491421e1d3c8a5142ed91028a20232"
url = "https://github.com/siderolabs/talos/releases/download/v1.13.5/talosctl-linux-amd64"
url_api = "https://api.github.com/repos/siderolabs/talos/releases/assets/454773627"
provenance = "cosign"

[tools.talos."platforms.macos-arm64"]
checksum = "sha256:5cfc42f5a51b01ea391c9760a1c5450517f7e85a74d145fd20b6abc4ac1df37e"
url = "https://github.com/siderolabs/talos/releases/download/v1.13.5/talosctl-darwin-arm64"
url_api = "https://api.github.com/repos/siderolabs/talos/releases/assets/454773663"
provenance = "cosign"

[tools.talos."platforms.macos-x64"]
checksum = "sha256:b5808a8f650c53987d0133704259f3cdf31c081710bda598f9b4cab934abc78c"
url = "https://github.com/siderolabs/talos/releases/download/v1.13.5/talosctl-darwin-amd64"
url_api = "https://api.github.com/repos/siderolabs/talos/releases/assets/454773612"
provenance = "cosign"

[tools.talos."platforms.windows-x64"]
checksum = "sha256:dd36d21d7157568387fa62e4f092b8a8536bb85f2362ababee493c503e48a0f2"
url = "https://github.com/siderolabs/talos/releases/download/v1.13.5/talosctl-windows-amd64.exe"
url_api = "https://api.github.com/repos/siderolabs/talos/releases/assets/454773628"
provenance = "cosign"

[[tools.yq]]
version = "4.52.4"
backend = "aqua:mikefarah/yq"

[tools.yq."platforms.linux-arm64"]
checksum = "sha256:4c2cc022a129be5cc1187959bb4b09bebc7fb543c5837b93001c68f97ce39a5d"
url = "https://github.com/mikefarah/yq/releases/download/v4.52.4/yq_linux_arm64"
url_api = "https://api.github.com/repos/mikefarah/yq/releases/assets/355776797"

[tools.yq."platforms.linux-arm64-musl"]
checksum = "sha256:4c2cc022a129be5cc1187959bb4b09bebc7fb543c5837b93001c68f97ce39a5d"
url = "https://github.com/mikefarah/yq/releases/download/v4.52.4/yq_linux_arm64"
url_api = "https://api.github.com/repos/mikefarah/yq/releases/assets/355776797"

[tools.yq."platforms.linux-x64"]
checksum = "sha256:0c4d965ea944b64b8fddaf7f27779ee3034e5693263786506ccd1c120f184e8c"
url = "https://github.com/mikefarah/yq/releases/download/v4.52.4/yq_linux_amd64"
url_api = "https://api.github.com/repos/mikefarah/yq/releases/assets/355776792"

[tools.yq."platforms.linux-x64-musl"]
checksum = "sha256:0c4d965ea944b64b8fddaf7f27779ee3034e5693263786506ccd1c120f184e8c"
url = "https://github.com/mikefarah/yq/releases/download/v4.52.4/yq_linux_amd64"
url_api = "https://api.github.com/repos/mikefarah/yq/releases/assets/355776792"

[tools.yq."platforms.macos-arm64"]
checksum = "sha256:d72a75fe9953c707d395f653d90095b133675ddd61aa738e1ac9a73c6c05e8be"
url = "https://github.com/mikefarah/yq/releases/download/v4.52.4/yq_darwin_amd64"
url_api = "https://api.github.com/repos/mikefarah/yq/releases/assets/355776760"

[tools.yq."platforms.macos-x64"]
checksum = "sha256:d72a75fe9953c707d395f653d90095b133675ddd61aa738e1ac9a73c6c05e8be"
url = "https://github.com/mikefarah/yq/releases/download/v4.52.4/yq_darwin_amd64"
url_api = "https://api.github.com/repos/mikefarah/yq/releases/assets/355776760"

[tools.yq."platforms.windows-x64"]
checksum = "sha256:b7c4186f8a3e32879ddf99389bf59a4b2861f0f1b41ef58647d903b0a11e8151"
url = "https://github.com/mikefarah/yq/releases/download/v4.52.4/yq_windows_amd64.exe"
url_api = "https://api.github.com/repos/mikefarah/yq/releases/assets/355776805"
